github.com/davecgh/go-spew v1.1.0/go.mod h1:J7Y8YcW2NihsgmVo/mv3lAwl/skON4iLHjSsI+c5H38=
github.com/litao91/goldmark-mathjax v0.0.0-20210217064022-a43cf739a50f h1:plCPYXRXDCO57qjqegCzaVf1t6aSbgCMD+zfz18POfs=
github.com/litao91/goldmark-mathjax v0.0.0-20210217064022-a43cf739a50f/go.mod h1:leg+HM7jUS84JYuY120zmU68R6+UeU6uZ/KAW7cViKE=
github.com/pmezard/go-difflib v1.0.0/go.mod h1:iKH77koFhYxTK1pcRnkKkqfTogsbg7gZNVY4sRDYZ/4=
github.com/rwxrob/cmdtab v0.4.0 h1:bYePmvIhF95Whv/1qA9ucLxDLXq+coC0T7qsZzKtIs8=
github.com/rwxrob/cmdtab v0.4.0/go.mod h1:TWGCTFAm9NlO9mR6aUB5dltAhcVK1FTiCzF7WLXwGgQ=
github.com/rwxrob/cmdtab-config v1.0.0 h1:cjyIx6OZ5B8fcoh+3TitNRWpjofBChtIgLUWWMO3UME=
github.com/rwxrob/cmdtab-config v1.0.0/go.mod h1:IkvUxALvbGl0YEmgwriURc4X1HzY1uoEntzcEty+hug=
github.com/rwxrob/cmdtab-pomo v0.1.0 h1:WVkIIqRWEkua0avIFQfavD826E05zaEmpSSuU1suJwA=
github.com/rwxrob/cmdtab-pomo v0.1.0/go.mod h1:WeSli93LMBuaNj//h2BguRjAEJ/wk6KHSQWGgKi5boY=
github.com/rwxrob/conf-go v0.4.2 h1:pqnYEG9eyndr6umc/U2Az87CeWTh/CanCMVBT0m8nJA=
github.com/rwxrob/conf-go v0.4.2/go.mod h1:DCol+uEzZiZKaerRsEnpUH+T5WrTODBDcrY3a/S+1jA=
github.com/stretchr/objx v0.1.0/go.mod h1:HFkY916IF+rwdDfMAkV7OtwuqBVzrE8GR6GFx+wExME=
github.com/stretchr/testify v1.6.1/go.mod h1:6Fq8oRcR53rry900zMqJjRRixrwX3KX962/h/Wwjteg=
github.com/yuin/goldmark v1.2.1/go.mod h1:3hX8gzYuyVAZsxl0MRgGTJEmQBFcNTphYh9decYSb74=
github.com/yuin/goldmark v1.3.2 h1:YjHC5TgyMmHpicTgEqDN0Q96Xo8K6tLXPnmNOHXCgs0=
github.com/yuin/goldmark v1.3.2/go.mod h1:mwnBkeHKe2W/ZEtQ+71ViKU8L12m81fl3OWwC1Zlc8k=
gopkg.in/check.v1 v0.0.0-20161208181325-20d25e280405/go.mod h1:Co6ibVJAznAaIkqp8huTwlJQCZ016jof/cbN4VW5Yz0=
gopkg.in/yaml.v3 v3.0.0-20200313102051-9f266ea9e77c/go.mod h1:K4uyk7z7BCEPqu6E+C64Yfv1cQ7kz7rIZviUmN+EgEM=
